
Microsoft Visual Studio Solution File, Format Version 12.00
# Visual Studio Version 17
VisualStudioVersion = 17.6.33927.249
MinimumVisualStudioVersion = 10.0.40219.1
Project("{888888A0-9F3D-457C-B088-3A5042F75D52}") = "Check ID", "Check ID\Check ID.pyproj", "{A92C3A1B-066A-4D19-BB75-10080F65E865}"
EndProject
Global
	GlobalSection(SolutionConfigurationPlatforms) = preSolution
		Debug|Any CPU = Debug|Any CPU
		Release|Any CPU = Release|Any CPU
	EndGlobalSection
	GlobalSection(ProjectConfigurationPlatforms) = postSolution
		{A92C3A1B-066A-4D19-BB75-10080F65E865}.Debug|Any CPU.ActiveCfg = Debug|Any CPU
		{A92C3A1B-066A-4D19-BB75-10080F65E865}.Release|Any CPU.ActiveCfg = Release|Any CPU
	EndGlobalSection
	GlobalSection(SolutionProperties) = preSolution
		HideSolutionNode = FALSE
	EndGlobalSection
	GlobalSection(ExtensibilityGlobals) = postSolution
		SolutionGuid = {1C3A35B0-EAF3-420D-938D-21B67A95B92E}
	EndGlobalSection
EndGlobal
